
Microsoft Visual Studio Solution File, Format Version 12.00
# Visual Studio Version 16
VisualStudioVersion = 16.0.31613.86
MinimumVisualStudioVersion = 10.0.40219.1
Project("{FAE04EC0-301F-11D3-BF4B-00C04F79EFBC}") = "workflow-actions", "workflow-actions\workflow-actions.csproj", "{7A8EB3CC-4844-4E97-BC02-C79BC3B1FF1F}"
EndProject
Project("{FAE04EC0-301F-11D3-BF4B-00C04F79EFBC}") = "workflow-actions.Tests", "workflow-actions.Tests\workflow-actions.Tests.csproj", "{C1C542CB-B178-448C-9253-8C9EE1D77400}"
EndProject
Global
	GlobalSection(SolutionConfigurationPlatforms) = preSolution
		Debug|Any CPU = Debug|Any CPU
		Release|Any CPU = Release|Any CPU
	EndGlobalSection
	GlobalSection(ProjectConfigurationPlatforms) = postSolution
		{7A8EB3CC-4844-4E97-BC02-C79BC3B1FF1F}.Debug|Any CPU.ActiveCfg = Debug|Any CPU
		{7A8EB3CC-4844-4E97-BC02-C79BC3B1FF1F}.Debug|Any CPU.Build.0 = Debug|Any CPU
		{7A8EB3CC-4844-4E97-BC02-C79BC3B1FF1F}.Release|Any CPU.ActiveCfg = Release|Any CPU
		{7A8EB3CC-4844-4E97-BC02-C79BC3B1FF1F}.Release|Any CPU.Build.0 = Release|Any CPU
		{C1C542CB-B178-448C-9253-8C9EE1D77400}.Debug|Any CPU.ActiveCfg = Debug|Any CPU
		{C1C542CB-B178-448C-9253-8C9EE1D77400}.Debug|Any CPU.Build.0 = Debug|Any CPU
		{C1C542CB-B178-448C-9253-8C9EE1D77400}.Release|Any CPU.ActiveCfg = Release|Any CPU
		{C1C542CB-B178-448C-9253-8C9EE1D77400}.Release|Any CPU.Build.0 = Release|Any CPU
	EndGlobalSection
	GlobalSection(SolutionProperties) = preSolution
		HideSolutionNode = FALSE
	EndGlobalSection
	GlobalSection(ExtensibilityGlobals) = postSolution
		SolutionGuid = {42F74FE2-595E-4171-B2B4-12BE7A53D326}
	EndGlobalSection
EndGlobal
